
Microsoft Visual Studio Solution File, Format Version 12.00
# Visual Studio 2013
VisualStudioVersion = 12.0.21005.1
MinimumVisualStudioVersion = 10.0.40219.1
Project("{8BC9CEB8-8B4A-11D0-8D11-00A0C91BC942}") = "SocialGameOpenGLApplication", "..\..\..\SocialGameOpenGLApplication\SocialGameOpenGLApplication.vcxproj", "{13D85E30-1097-4B7A-8809-9E6B83536B4B}"
EndProject
Project("{FAE04EC0-301F-11D3-BF4B-00C04F79EFBC}") = "SocialGamePublicAPI", "..\..\..\SocialGamePublicAPI\SocialGamePublicAPI.csproj", "{2B551519-AE3D-4154-8CC2-FA64EE84AE01}"
EndProject
Project("{FAE04EC0-301F-11D3-BF4B-00C04F79EFBC}") = "SocialGameBLL", "..\..\..\SocialGameBLL\SocialGameBLL\SocialGameBLL.csproj", "{ED324CFD-2750-4BA7-B23A-B6445127A20A}"
EndProject
Global
	GlobalSection(SolutionConfigurationPlatforms) = preSolution
		Debug|Any CPU = Debug|Any CPU
		Debug|Mixed Platforms = Debug|Mixed Platforms
		Debug|Win32 = Debug|Win32
		Release|Any CPU = Release|Any CPU
		Release|Mixed Platforms = Release|Mixed Platforms
		Release|Win32 = Release|Win32
	EndGlobalSection
	GlobalSection(ProjectConfigurationPlatforms) = postSolution
		{13D85E30-1097-4B7A-8809-9E6B83536B4B}.Debug|Any CPU.ActiveCfg = Debug|Win32
		{13D85E30-1097-4B7A-8809-9E6B83536B4B}.Debug|Mixed Platforms.ActiveCfg = Debug|Win32
		{13D85E30-1097-4B7A-8809-9E6B83536B4B}.Debug|Mixed Platforms.Build.0 = Debug|Win32
		{13D85E30-1097-4B7A-8809-9E6B83536B4B}.Debug|Win32.ActiveCfg = Debug|Win32
		{13D85E30-1097-4B7A-8809-9E6B83536B4B}.Debug|Win32.Build.0 = Debug|Win32
		{13D85E30-1097-4B7A-8809-9E6B83536B4B}.Release|Any CPU.ActiveCfg = Release|Win32
		{13D85E30-1097-4B7A-8809-9E6B83536B4B}.Release|Mixed Platforms.ActiveCfg = Release|Win32
		{13D85E30-1097-4B7A-8809-9E6B83536B4B}.Release|Mixed Platforms.Build.0 = Release|Win32
		{13D85E30-1097-4B7A-8809-9E6B83536B4B}.Release|Win32.ActiveCfg = Release|Win32
		{13D85E30-1097-4B7A-8809-9E6B83536B4B}.Release|Win32.Build.0 = Release|Win32
		{2B551519-AE3D-4154-8CC2-FA64EE84AE01}.Debug|Any CPU.ActiveCfg = Debug|Any CPU
		{2B551519-AE3D-4154-8CC2-FA64EE84AE01}.Debug|Any CPU.Build.0 = Debug|Any CPU
		{2B551519-AE3D-4154-8CC2-FA64EE84AE01}.Debug|Mixed Platforms.ActiveCfg = Debug|Any CPU
		{2B551519-AE3D-4154-8CC2-FA64EE84AE01}.Debug|Mixed Platforms.Build.0 = Debug|Any CPU
		{2B551519-AE3D-4154-8CC2-FA64EE84AE01}.Debug|Win32.ActiveCfg = Debug|Any CPU
		{2B551519-AE3D-4154-8CC2-FA64EE84AE01}.Release|Any CPU.ActiveCfg = Release|Any CPU
		{2B551519-AE3D-4154-8CC2-FA64EE84AE01}.Release|Any CPU.Build.0 = Release|Any CPU
		{2B551519-AE3D-4154-8CC2-FA64EE84AE01}.Release|Mixed Platforms.ActiveCfg = Release|Any CPU
		{2B551519-AE3D-4154-8CC2-FA64EE84AE01}.Release|Mixed Platforms.Build.0 = Release|Any CPU
		{2B551519-AE3D-4154-8CC2-FA64EE84AE01}.Release|Win32.ActiveCfg = Release|Any CPU
		{ED324CFD-2750-4BA7-B23A-B6445127A20A}.Debug|Any CPU.ActiveCfg = Debug|Any CPU
		{ED324CFD-2750-4BA7-B23A-B6445127A20A}.Debug|Any CPU.Build.0 = Debug|Any CPU
		{ED324CFD-2750-4BA7-B23A-B6445127A20A}.Debug|Mixed Platforms.ActiveCfg = Debug|Any CPU
		{ED324CFD-2750-4BA7-B23A-B6445127A20A}.Debug|Mixed Platforms.Build.0 = Debug|Any CPU
		{ED324CFD-2750-4BA7-B23A-B6445127A20A}.Debug|Win32.ActiveCfg = Debug|Any CPU
		{ED324CFD-2750-4BA7-B23A-B6445127A20A}.Release|Any CPU.ActiveCfg = Release|Any CPU
		{ED324CFD-2750-4BA7-B23A-B6445127A20A}.Release|Any CPU.Build.0 = Release|Any CPU
		{ED324CFD-2750-4BA7-B23A-B6445127A20A}.Release|Mixed Platforms.ActiveCfg = Release|Any CPU
		{ED324CFD-2750-4BA7-B23A-B6445127A20A}.Release|Mixed Platforms.Build.0 = Release|Any CPU
		{ED324CFD-2750-4BA7-B23A-B6445127A20A}.Release|Win32.ActiveCfg = Release|Any CPU
	EndGlobalSection
	GlobalSection(SolutionProperties) = preSolution
		HideSolutionNode = FALSE
	EndGlobalSection
EndGlobal
