<?xml version="1.0" encoding="utf-8"?>
<Project ToolsVersion="4.0" xmlns="http://schemas.microsoft.com/developer/msbuild/2003">
  <ItemGroup>
    <Filter Include="Source Files">
      <UniqueIdentifier>{4FC737F1-C7A5-4376-A066-2A32D752A2FF}</UniqueIdentifier>
      <Extensions>cpp;c;cc;cxx;def;odl;idl;hpj;bat;asm;asmx</Extensions>
    </Filter>
    <Filter Include="Header Files">
      <UniqueIdentifier>{93995380-89BD-4b04-88EB-625FBE52EBFB}</UniqueIdentifier>
      <Extensions>h;hh;hpp;hxx;hm;inl;inc;xsd</Extensions>
    </Filter>
    <Filter Include="Resource Files">
      <UniqueIdentifier>{67DA6AB6-F800-4c08-8B7A-83BB121AAD01}</UniqueIdentifier>
      <Extensions>rc;ico;cur;bmp;dlg;rc2;rct;bin;rgs;gif;jpg;jpeg;jpe;resx;tiff;tif;png;wav;mfcribbon-ms</Extensions>
    </Filter>
  </ItemGroup>
  <ItemGroup>
    <Text Include="ReadMe.txt" />
    <Text Include="Map1.txt">
      <Filter>Resource Files</Filter>
    </Text>
  </ItemGroup>
  <ItemGroup>
    <ClInclude Include="stdafx.h">
      <Filter>Header Files</Filter>
    </ClInclude>
    <ClInclude Include="targetver.h">
      <Filter>Header Files</Filter>
    </ClInclude>
    <ClInclude Include="gsoapAPIClient\Service1.h">
      <Filter>Header Files</Filter>
    </ClInclude>
    <ClInclude Include="gsoapAPIClient\soapBasicHttpBinding_USCOREISocialGameServiceProxy.h">
      <Filter>Header Files</Filter>
    </ClInclude>
    <ClInclude Include="gsoapAPIClient\soapH.h">
      <Filter>Header Files</Filter>
    </ClInclude>
    <ClInclude Include="gsoapAPIClient\soapStub.h">
      <Filter>Header Files</Filter>
    </ClInclude>
    <ClInclude Include="gsoapAPIClient\stdsoap2.h">
      <Filter>Header Files</Filter>
    </ClInclude>
    <ClInclude Include="SocialGamePublicAPIClient.h">
      <Filter>Header Files</Filter>
    </ClInclude>
    <ClInclude Include="User.h">
      <Filter>Header Files</Filter>
    </ClInclude>
    <ClInclude Include="UserTag.h">
      <Filter>Header Files</Filter>
    </ClInclude>
    <ClInclude Include="RelationShip.h">
      <Filter>Header Files</Filter>
    </ClInclude>
    <ClInclude Include="RelationshipTag.h">
      <Filter>Header Files</Filter>
    </ClInclude>
    <ClInclude Include="HumorStatus.h">
      <Filter>Header Files</Filter>
    </ClInclude>
    <ClInclude Include="InterfaceGL.h">
      <Filter>Header Files</Filter>
    </ClInclude>
    <ClInclude Include="GraphOpenGL.h">
      <Filter>Header Files</Filter>
    </ClInclude>
    <ClInclude Include="GraphScene.h">
      <Filter>Header Files</Filter>
    </ClInclude>
    <ClInclude Include="GraphWalker.h">
      <Filter>Header Files</Filter>
    </ClInclude>
    <ClInclude Include="GraphWalkerDraw.h">
      <Filter>Header Files</Filter>
    </ClInclude>
    <ClInclude Include="HangmanScene.h">
      <Filter>Header Files</Filter>
    </ClInclude>
    <ClInclude Include="HangmanPLEngine.h">
      <Filter>Header Files</Filter>
    </ClInclude>
    <ClInclude Include="Graph.h">
      <Filter>Header Files</Filter>
    </ClInclude>
    <ClInclude Include="NormalModeGraphScene.h">
      <Filter>Header Files</Filter>
    </ClInclude>
    <ClInclude Include="AdvanceModeGraphScene.h">
      <Filter>Header Files</Filter>
    </ClInclude>
    <ClInclude Include="ISubWindowScene.h">
      <Filter>Header Files</Filter>
    </ClInclude>
    <ClInclude Include="IWindowScene.h">
      <Filter>Header Files</Filter>
    </ClInclude>
    <ClInclude Include="IBothWindowScene.h">
      <Filter>Header Files</Filter>
    </ClInclude>
    <ClInclude Include="TicTacToePLEngine.h">
      <Filter>Header Files</Filter>
    </ClInclude>
    <ClInclude Include="TicTacToeScene.h">
      <Filter>Header Files</Filter>
    </ClInclude>
    <ClInclude Include="MazeMap.h">
      <Filter>Header Files</Filter>
    </ClInclude>
    <ClInclude Include="MazePlEngine.h">
      <Filter>Header Files</Filter>
    </ClInclude>
    <ClInclude Include="MazeScene.h">
      <Filter>Header Files</Filter>
    </ClInclude>
    <ClInclude Include="GraphFactory.h">
      <Filter>Header Files</Filter>
    </ClInclude>
    <ClInclude Include="ISelectable.h">
      <Filter>Header Files</Filter>
    </ClInclude>
    <ClInclude Include="IMinigame.h">
      <Filter>Header Files</Filter>
    </ClInclude>
    <ClInclude Include="GraphPLEngine.h">
      <Filter>Header Files</Filter>
    </ClInclude>
    <ClInclude Include="PrologEngine.h">
      <Filter>Header Files</Filter>
    </ClInclude>
    <ClInclude Include="GraphPositionWalker.h">
      <Filter>Header Files</Filter>
    </ClInclude>
  </ItemGroup>
  <ItemGroup>
    <ClCompile Include="stdafx.cpp">
      <Filter>Source Files</Filter>
    </ClCompile>
    <ClCompile Include="SocialGameOpenGLApplication.cpp">
      <Filter>Source Files</Filter>
    </ClCompile>
    <ClCompile Include="gsoapAPIClient\soapBasicHttpBinding_USCOREISocialGameServiceProxy.cpp">
      <Filter>Source Files</Filter>
    </ClCompile>
    <ClCompile Include="gsoapAPIClient\soapC.cpp">
      <Filter>Source Files</Filter>
    </ClCompile>
    <ClCompile Include="gsoapAPIClient\stdsoap2.cpp">
      <Filter>Source Files</Filter>
    </ClCompile>
    <ClCompile Include="SocialGamePublicAPIClient.cpp">
      <Filter>Source Files</Filter>
    </ClCompile>
    <ClCompile Include="User.cpp">
      <Filter>Source Files</Filter>
    </ClCompile>
    <ClCompile Include="UserTag.cpp">
      <Filter>Source Files</Filter>
    </ClCompile>
    <ClCompile Include="RelationShip.cpp">
      <Filter>Source Files</Filter>
    </ClCompile>
    <ClCompile Include="RelationShipTag.cpp">
      <Filter>Source Files</Filter>
    </ClCompile>
    <ClCompile Include="HumorStatus.cpp">
      <Filter>Source Files</Filter>
    </ClCompile>
    <ClCompile Include="GraphOpenGL.cpp">
      <Filter>Source Files</Filter>
    </ClCompile>
    <ClCompile Include="GraphScene.cpp">
      <Filter>Source Files</Filter>
    </ClCompile>
    <ClCompile Include="GraphWalker.cpp">
      <Filter>Source Files</Filter>
    </ClCompile>
    <ClCompile Include="GraphWalkerDraw.cpp">
      <Filter>Source Files</Filter>
    </ClCompile>
    <ClCompile Include="HangmanScene.cpp">
      <Filter>Source Files</Filter>
    </ClCompile>
    <ClCompile Include="HangmanPLEngine.cpp">
      <Filter>Source Files</Filter>
    </ClCompile>
    <ClCompile Include="Graph.cpp">
      <Filter>Source Files</Filter>
    </ClCompile>
    <ClCompile Include="NormalModeGraphScene.cpp">
      <Filter>Source Files</Filter>
    </ClCompile>
    <ClCompile Include="AdvanceModeGraphScene.cpp">
      <Filter>Source Files</Filter>
    </ClCompile>
    <ClCompile Include="TicTacToePLEngine.cpp">
      <Filter>Source Files</Filter>
    </ClCompile>
    <ClCompile Include="TicTacToeScene.cpp">
      <Filter>Source Files</Filter>
    </ClCompile>
    <ClCompile Include="MazeMap.cpp">
      <Filter>Source Files</Filter>
    </ClCompile>
    <ClCompile Include="MazePlEngine.cpp">
      <Filter>Source Files</Filter>
    </ClCompile>
    <ClCompile Include="MazeScene.cpp">
      <Filter>Source Files</Filter>
    </ClCompile>
    <ClCompile Include="GraphFactory.cpp">
      <Filter>Source Files</Filter>
    </ClCompile>
    <ClCompile Include="ISelectable.cpp">
      <Filter>Source Files</Filter>
    </ClCompile>
    <ClCompile Include="GraphPLEngine.cpp">
      <Filter>Source Files</Filter>
    </ClCompile>
    <ClCompile Include="PrologEngine.cpp">
      <Filter>Source Files</Filter>
    </ClCompile>
    <ClCompile Include="GraphPositionWalker.cpp">
      <Filter>Source Files</Filter>
    </ClCompile>
  </ItemGroup>
  <ItemGroup>
    <None Include="hangman.pl">
      <Filter>Resource Files</Filter>
    </None>
    <None Include="tictactoe.pl">
      <Filter>Resource Files</Filter>
    </None>
    <None Include="maze.pl">
      <Filter>Resource Files</Filter>
    </None>
    <None Include="App.config" />
    <None Include="packages.config" />
    <None Include="graph.pl">
      <Filter>Resource Files</Filter>
    </None>
    <None Include="SocialGameClient.pl">
      <Filter>Resource Files</Filter>
    </None>
    <None Include="ClassDiagram.cd" />
  </ItemGroup>
</Project>